
Microsoft Visual Studio Solution File, Format Version 12.00
# Visual Studio Version 16
VisualStudioVersion = 16.0.29609.76
MinimumVisualStudioVersion = 10.0.40219.1
Project("{9A19103F-16F7-4668-BE54-9A1E7A4F7556}") = "FamilieImport", "FamilieImport\FamilieImport.csproj", "{1F9F779B-3783-4574-B8C3-13773F78ABEE}"
EndProject
Project("{9A19103F-16F7-4668-BE54-9A1E7A4F7556}") = "FamilieImport.Data", "FamilieImport.Data\FamilieImport.Data.csproj", "{DA678350-75F3-4DEF-885B-539ADB1B33F5}"
EndProject
Project("{2150E333-8FDC-42A3-9474-1A3956D46DE8}") = "Solution Items", "Solution Items", "{D63F3FEB-C824-427B-B471-A97CA91DCDA7}"
	ProjectSection(SolutionItems) = preProject
		.editorconfig = .editorconfig
	EndProjectSection
EndProject
Project("{9A19103F-16F7-4668-BE54-9A1E7A4F7556}") = "FamilieImport.Lecacy", "FamilieImport.Lecacy\FamilieImport.Lecacy.csproj", "{2BBCD159-04D3-40BC-B9DC-80001802B497}"
EndProject
Project("{FAE04EC0-301F-11D3-BF4B-00C04F79EFBC}") = "FamilieImport.RootsMagic", "FamilieImport.RootsMagic\FamilieImport.RootsMagic.csproj", "{6A949DBC-F6A3-4A07-B5D6-016D2C517F19}"
EndProject
Project("{FAE04EC0-301F-11D3-BF4B-00C04F79EFBC}") = "FamilieImport.App", "FamilieImport.App\FamilieImport.App.csproj", "{DEED6252-6177-4B92-8673-5EEAE872A27F}"
EndProject
Global
	GlobalSection(SolutionConfigurationPlatforms) = preSolution
		Debug|Any CPU = Debug|Any CPU
		Debug|x86 = Debug|x86
		Release|Any CPU = Release|Any CPU
		Release|x86 = Release|x86
	EndGlobalSection
	GlobalSection(ProjectConfigurationPlatforms) = postSolution
		{1F9F779B-3783-4574-B8C3-13773F78ABEE}.Debug|Any CPU.ActiveCfg = Debug|Any CPU
		{1F9F779B-3783-4574-B8C3-13773F78ABEE}.Debug|Any CPU.Build.0 = Debug|Any CPU
		{1F9F779B-3783-4574-B8C3-13773F78ABEE}.Debug|x86.ActiveCfg = Debug|x86
		{1F9F779B-3783-4574-B8C3-13773F78ABEE}.Debug|x86.Build.0 = Debug|x86
		{1F9F779B-3783-4574-B8C3-13773F78ABEE}.Release|Any CPU.ActiveCfg = Release|Any CPU
		{1F9F779B-3783-4574-B8C3-13773F78ABEE}.Release|Any CPU.Build.0 = Release|Any CPU
		{1F9F779B-3783-4574-B8C3-13773F78ABEE}.Release|x86.ActiveCfg = Release|x86
		{1F9F779B-3783-4574-B8C3-13773F78ABEE}.Release|x86.Build.0 = Release|x86
		{DA678350-75F3-4DEF-885B-539ADB1B33F5}.Debug|Any CPU.ActiveCfg = Debug|Any CPU
		{DA678350-75F3-4DEF-885B-539ADB1B33F5}.Debug|Any CPU.Build.0 = Debug|Any CPU
		{DA678350-75F3-4DEF-885B-539ADB1B33F5}.Debug|x86.ActiveCfg = Debug|x86
		{DA678350-75F3-4DEF-885B-539ADB1B33F5}.Debug|x86.Build.0 = Debug|x86
		{DA678350-75F3-4DEF-885B-539ADB1B33F5}.Release|Any CPU.ActiveCfg = Release|Any CPU
		{DA678350-75F3-4DEF-885B-539ADB1B33F5}.Release|Any CPU.Build.0 = Release|Any CPU
		{DA678350-75F3-4DEF-885B-539ADB1B33F5}.Release|x86.ActiveCfg = Release|x86
		{DA678350-75F3-4DEF-885B-539ADB1B33F5}.Release|x86.Build.0 = Release|x86
		{2BBCD159-04D3-40BC-B9DC-80001802B497}.Debug|Any CPU.ActiveCfg = Debug|Any CPU
		{2BBCD159-04D3-40BC-B9DC-80001802B497}.Debug|Any CPU.Build.0 = Debug|Any CPU
		{2BBCD159-04D3-40BC-B9DC-80001802B497}.Debug|x86.ActiveCfg = Debug|Any CPU
		{2BBCD159-04D3-40BC-B9DC-80001802B497}.Debug|x86.Build.0 = Debug|Any CPU
		{2BBCD159-04D3-40BC-B9DC-80001802B497}.Release|Any CPU.ActiveCfg = Release|Any CPU
		{2BBCD159-04D3-40BC-B9DC-80001802B497}.Release|Any CPU.Build.0 = Release|Any CPU
		{2BBCD159-04D3-40BC-B9DC-80001802B497}.Release|x86.ActiveCfg = Release|Any CPU
		{2BBCD159-04D3-40BC-B9DC-80001802B497}.Release|x86.Build.0 = Release|Any CPU
		{6A949DBC-F6A3-4A07-B5D6-016D2C517F19}.Debug|Any CPU.ActiveCfg = Debug|Any CPU
		{6A949DBC-F6A3-4A07-B5D6-016D2C517F19}.Debug|Any CPU.Build.0 = Debug|Any CPU
		{6A949DBC-F6A3-4A07-B5D6-016D2C517F19}.Debug|x86.ActiveCfg = Debug|Any CPU
		{6A949DBC-F6A3-4A07-B5D6-016D2C517F19}.Debug|x86.Build.0 = Debug|Any CPU
		{6A949DBC-F6A3-4A07-B5D6-016D2C517F19}.Release|Any CPU.ActiveCfg = Release|Any CPU
		{6A949DBC-F6A3-4A07-B5D6-016D2C517F19}.Release|Any CPU.Build.0 = Release|Any CPU
		{6A949DBC-F6A3-4A07-B5D6-016D2C517F19}.Release|x86.ActiveCfg = Release|Any CPU
		{6A949DBC-F6A3-4A07-B5D6-016D2C517F19}.Release|x86.Build.0 = Release|Any CPU
		{DEED6252-6177-4B92-8673-5EEAE872A27F}.Debug|Any CPU.ActiveCfg = Debug|Any CPU
		{DEED6252-6177-4B92-8673-5EEAE872A27F}.Debug|Any CPU.Build.0 = Debug|Any CPU
		{DEED6252-6177-4B92-8673-5EEAE872A27F}.Debug|x86.ActiveCfg = Debug|Any CPU
		{DEED6252-6177-4B92-8673-5EEAE872A27F}.Debug|x86.Build.0 = Debug|Any CPU
		{DEED6252-6177-4B92-8673-5EEAE872A27F}.Release|Any CPU.ActiveCfg = Release|Any CPU
		{DEED6252-6177-4B92-8673-5EEAE872A27F}.Release|Any CPU.Build.0 = Release|Any CPU
		{DEED6252-6177-4B92-8673-5EEAE872A27F}.Release|x86.ActiveCfg = Release|Any CPU
		{DEED6252-6177-4B92-8673-5EEAE872A27F}.Release|x86.Build.0 = Release|Any CPU
	EndGlobalSection
	GlobalSection(SolutionProperties) = preSolution
		HideSolutionNode = FALSE
	EndGlobalSection
	GlobalSection(ExtensibilityGlobals) = postSolution
		SolutionGuid = {0638EC4A-7DC1-4918-AC01-B8294AB97171}
	EndGlobalSection
EndGlobal
